Microsoft Visual Studio Solution File, Format Version 12.00
# Visual Studio Version 16
VisualStudioVersion = 16.0.0.0
MinimumVisualStudioVersion = 16.0.0.0
Project("{9A19103F-16F7-4668-BE54-9A1E7A4F7556}") = "MyApplication", "MyApplication\MyApplication.csproj", "{356C8C0B-1403-44C5-A363-C72F89B27453}"
EndProject
Project("{9A19103F-16F7-4668-BE54-9A1E7A4F7556}") = "MyApplication.Client", "MyApplication.Client\MyApplication.Client.csproj", "{7A855A50-7094-4ECC-81E5-DFFC480FB70C}"
EndProject
Global
	GlobalSection(SolutionConfigurationPlatforms) = preSolution
		Debug|Any CPU = Debug|Any CPU
		Debug|x64 = Debug|x64
		Debug|x86 = Debug|x86
		Release|Any CPU = Release|Any CPU
		Release|x64 = Release|x64
		Release|x86 = Release|x86
	EndGlobalSection
	GlobalSection(ProjectConfigurationPlatforms) = postSolution
		{7A855A50-7094-4ECC-81E5-DFFC480FB70C}.Debug|Any CPU.ActiveCfg = Debug|Any CPU
		{7A855A50-7094-4ECC-81E5-DFFC480FB70C}.Debug|Any CPU.Build.0 = Debug|Any CPU
		{7A855A50-7094-4ECC-81E5-DFFC480FB70C}.Debug|x64.ActiveCfg = Debug|Any CPU
		{7A855A50-7094-4ECC-81E5-DFFC480FB70C}.Debug|x64.Build.0 = Debug|Any CPU
		{7A855A50-7094-4ECC-81E5-DFFC480FB70C}.Debug|x86.ActiveCfg = Debug|Any CPU
		{7A855A50-7094-4ECC-81E5-DFFC480FB70C}.Debug|x86.Build.0 = Debug|Any CPU
		{7A855A50-7094-4ECC-81E5-DFFC480FB70C}.Release|Any CPU.ActiveCfg = Release|Any CPU
		{7A855A50-7094-4ECC-81E5-DFFC480FB70C}.Release|Any CPU.Build.0 = Release|Any CPU
		{7A855A50-7094-4ECC-81E5-DFFC480FB70C}.Release|x64.ActiveCfg = Release|Any CPU
		{7A855A50-7094-4ECC-81E5-DFFC480FB70C}.Release|x64.Build.0 = Release|Any CPU
		{7A855A50-7094-4ECC-81E5-DFFC480FB70C}.Release|x86.ActiveCfg = Release|Any CPU
		{7A855A50-7094-4ECC-81E5-DFFC480FB70C}.Release|x86.Build.0 = Release|Any CPU
		{356C8C0B-1403-44C5-A363-C72F89B27453}.Debug|Any CPU.ActiveCfg = Debug|Any CPU
		{356C8C0B-1403-44C5-A363-C72F89B27453}.Debug|Any CPU.Build.0 = Debug|Any CPU
		{356C8C0B-1403-44C5-A363-C72F89B27453}.Debug|x64.ActiveCfg = Debug|Any CPU
		{356C8C0B-1403-44C5-A363-C72F89B27453}.Debug|x64.Build.0 = Debug|Any CPU
		{356C8C0B-1403-44C5-A363-C72F89B27453}.Debug|x86.ActiveCfg = Debug|Any CPU
		{356C8C0B-1403-44C5-A363-C72F89B27453}.Debug|x86.Build.0 = Debug|Any CPU
		{356C8C0B-1403-44C5-A363-C72F89B27453}.Release|Any CPU.ActiveCfg = Release|Any CPU
		{356C8C0B-1403-44C5-A363-C72F89B27453}.Release|Any CPU.Build.0 = Release|Any CPU
		{356C8C0B-1403-44C5-A363-C72F89B27453}.Release|x64.ActiveCfg = Release|Any CPU
		{356C8C0B-1403-44C5-A363-C72F89B27453}.Release|x64.Build.0 = Release|Any CPU
		{356C8C0B-1403-44C5-A363-C72F89B27453}.Release|x86.ActiveCfg = Release|Any CPU
		{356C8C0B-1403-44C5-A363-C72F89B27453}.Release|x86.Build.0 = Release|Any CPU
	EndGlobalSection
	GlobalSection(SolutionProperties) = preSolution
		HideSolutionNode = FALSE
	EndGlobalSection
	GlobalSection(ExtensibilityGlobals) = postSolution
		SolutionGuid = {6EBE2A1B-D5FB-42BC-ABE5-040DE7F52D02}
	EndGlobalSection
EndGlobal
