
Microsoft Visual Studio Solution File, Format Version 12.00
# Visual Studio Version 17
VisualStudioVersion = 17.8.34408.163
MinimumVisualStudioVersion = 10.0.40219.1
Project("{FAE04EC0-301F-11D3-BF4B-00C04F79EFBC}") = "CapstoneProject", "CapstoneProject\CapstoneProject.csproj", "{710980A2-CB82-4AD9-9BB3-A91D8B0603AF}"
EndProject
Global
	GlobalSection(SolutionConfigurationPlatforms) = preSolution
		Debug|Any CPU = Debug|Any CPU
		Release|Any CPU = Release|Any CPU
	EndGlobalSection
	GlobalSection(ProjectConfigurationPlatforms) = postSolution
		{710980A2-CB82-4AD9-9BB3-A91D8B0603AF}.Debug|Any CPU.ActiveCfg = Debug|Any CPU
		{710980A2-CB82-4AD9-9BB3-A91D8B0603AF}.Debug|Any CPU.Build.0 = Debug|Any CPU
		{710980A2-CB82-4AD9-9BB3-A91D8B0603AF}.Release|Any CPU.ActiveCfg = Release|Any CPU
		{710980A2-CB82-4AD9-9BB3-A91D8B0603AF}.Release|Any CPU.Build.0 = Release|Any CPU
	EndGlobalSection
	GlobalSection(SolutionProperties) = preSolution
		HideSolutionNode = FALSE
	EndGlobalSection
	GlobalSection(ExtensibilityGlobals) = postSolution
		SolutionGuid = {4FC6A184-75C1-4C64-9CA0-0E402D1A5DE4}
	EndGlobalSection
EndGlobal
